{
  "name": "book-track",
  "requires": true,
  "lockfileVersion": 1,
  "dependencies": {
    "cytoscape": {
      "version": "3.2.13",
      "resolved": "https://registry.npmjs.org/cytoscape/-/cytoscape-3.2.13.tgz",
      "integrity": "sha512-V/FYD3F0vx9uq1rWGf8HZhorwwQGe9lalW11094BL4tTPdvKYXzLxtqjt3n0fBFUBRhVEB6a3aWSCZXvGnyHcg==",
      "requires": {
        "heap": "0.2.6",
        "lodash.debounce": "4.0.8"
      }
    },
    "heap": {
      "version": "0.2.6",
      "resolved": "https://registry.npmjs.org/heap/-/heap-0.2.6.tgz",
      "integrity": "sha1-CH4fELBGky/IWU3Z5tN4r8nR5aw="
    },
    "lodash.debounce": {
      "version": "4.0.8",
      "resolved": "https://registry.npmjs.org/lodash.debounce/-/lodash.debounce-4.0.8.tgz",
      "integrity": "sha1-gteb/zCmfEAF/9XiUVMArZyk168="
    }
  }
}
